// !$*UTF8*$!
{
	archiveVersion = 1;
	classes = {
	};
	objectVersion = 56;
	objects = {

/* Begin PBXBuildFile section */
		285DA1BE94E0857C8415BB05 /* Pods_RawGamesApp.framework in Frameworks */ = {isa = PBXBuildFile; fileRef = D03F0AFC9D803246109D092C /* Pods_RawGamesApp.framework */; };
		6A3C1A172AFCA6AA002DD789 /* AppDelegate.swift in Sources */ = {isa = PBXBuildFile; fileRef = 6A3C1A162AFCA6AA002DD789 /* AppDelegate.swift */; };
		6A3C1A202AFCA6AB002DD789 /* Assets.xcassets in Resources */ = {isa = PBXBuildFile; fileRef = 6A3C1A1F2AFCA6AB002DD789 /* Assets.xcassets */; };
		6A3C1A232AFCA6AB002DD789 /* LaunchScreen.storyboard in Resources */ = {isa = PBXBuildFile; fileRef = 6A3C1A212AFCA6AB002DD789 /* LaunchScreen.storyboard */; };
		6AA976DE2AFCE56200BB5A14 /* Localizable.strings in Resources */ = {isa = PBXBuildFile; fileRef = 6AA976DD2AFCE56200BB5A14 /* Localizable.strings */; };
		6AA976E82AFCEC3200BB5A14 /* LocalizationHelper.swift in Sources */ = {isa = PBXBuildFile; fileRef = 6AA976E72AFCEC3200BB5A14 /* LocalizationHelper.swift */; };
		6AA976ED2AFCF14700BB5A14 /* TabBarItemType.swift in Sources */ = {isa = PBXBuildFile; fileRef = 6AA976EB2AFCF14700BB5A14 /* TabBarItemType.swift */; };
		6AA976EE2AFCF14700BB5A14 /* TabBarController.swift in Sources */ = {isa = PBXBuildFile; fileRef = 6AA976EC2AFCF14700BB5A14 /* TabBarController.swift */; };
		6AA976FE2AFD037200BB5A14 /* HomePresenter.swift in Sources */ = {isa = PBXBuildFile; fileRef = 6AA976F62AFD037200BB5A14 /* HomePresenter.swift */; };
		6AA976FF2AFD037200BB5A14 /* HomeRouter.swift in Sources */ = {isa = PBXBuildFile; fileRef = 6AA976F72AFD037200BB5A14 /* HomeRouter.swift */; };
		6AA977002AFD037200BB5A14 /* HomeViewController.swift in Sources */ = {isa = PBXBuildFile; fileRef = 6AA976F82AFD037200BB5A14 /* HomeViewController.swift */; };
		6AA977012AFD037200BB5A14 /* HomeProtocols.swift in Sources */ = {isa = PBXBuildFile; fileRef = 6AA976F92AFD037200BB5A14 /* HomeProtocols.swift */; };
		6AA977022AFD037200BB5A14 /* HomeBuilder.swift in Sources */ = {isa = PBXBuildFile; fileRef = 6AA976FA2AFD037200BB5A14 /* HomeBuilder.swift */; };
		6AA977032AFD037200BB5A14 /* HomeInteractor.swift in Sources */ = {isa = PBXBuildFile; fileRef = 6AA976FB2AFD037200BB5A14 /* HomeInteractor.swift */; };
		6AA977042AFD037200BB5A14 /* HomeViewModel.swift in Sources */ = {isa = PBXBuildFile; fileRef = 6AA976FC2AFD037200BB5A14 /* HomeViewModel.swift */; };
		6AA977052AFD037200BB5A14 /* HomeEntity.swift in Sources */ = {isa = PBXBuildFile; fileRef = 6AA976FD2AFD037200BB5A14 /* HomeEntity.swift */; };
		6AA9770D2AFE3AE900BB5A14 /* UISearchBar+Extension.swift in Sources */ = {isa = PBXBuildFile; fileRef = 6AA9770C2AFE3AE900BB5A14 /* UISearchBar+Extension.swift */; };
		6AA977102AFE3BB500BB5A14 /* Color.xcassets in Resources */ = {isa = PBXBuildFile; fileRef = 6AA9770F2AFE3BB500BB5A14 /* Color.xcassets */; };
		6AA977122AFE3BEA00BB5A14 /* UIColor.swift in Sources */ = {isa = PBXBuildFile; fileRef = 6AA977112AFE3BEA00BB5A14 /* UIColor.swift */; };
		6AA977142AFE3C0A00BB5A14 /* AssetColors.swift in Sources */ = {isa = PBXBuildFile; fileRef = 6AA977132AFE3C0A00BB5A14 /* AssetColors.swift */; };
		6AA977172AFE40B800BB5A14 /* BaseNavigationController.swift in Sources */ = {isa = PBXBuildFile; fileRef = 6AA977162AFE40B800BB5A14 /* BaseNavigationController.swift */; };
		6AA9771B2AFF586B00BB5A14 /* HTTPClient.swift in Sources */ = {isa = PBXBuildFile; fileRef = 6AA9771A2AFF586B00BB5A14 /* HTTPClient.swift */; };
		6AA9771D2AFF624600BB5A14 /* AlamofireHTTPClient.swift in Sources */ = {isa = PBXBuildFile; fileRef = 6AA9771C2AFF624600BB5A14 /* AlamofireHTTPClient.swift */; };
		6AA977202AFF89EC00BB5A14 /* APIError.swift in Sources */ = {isa = PBXBuildFile; fileRef = 6AA9771F2AFF89EC00BB5A14 /* APIError.swift */; };
		6AA977222AFF8D8200BB5A14 /* HTTPMethod.swift in Sources */ = {isa = PBXBuildFile; fileRef = 6AA977212AFF8D8200BB5A14 /* HTTPMethod.swift */; };
		6AA977242AFF8E1B00BB5A14 /* URLRequest+Init.swift in Sources */ = {isa = PBXBuildFile; fileRef = 6AA977232AFF8E1B00BB5A14 /* URLRequest+Init.swift */; };
		6AA977302B00B66A00BB5A14 /* KeychainManager.swift in Sources */ = {isa = PBXBuildFile; fileRef = 6AA9772F2B00B66A00BB5A14 /* KeychainManager.swift */; };
		6AA977382B00C50000BB5A14 /* URLComponents+Extension.swift in Sources */ = {isa = PBXBuildFile; fileRef = 6AA977372B00C50000BB5A14 /* URLComponents+Extension.swift */; };
		6AA9773D2B00C68600BB5A14 /* APIEnvironment.swift in Sources */ = {isa = PBXBuildFile; fileRef = 6AA9773C2B00C68600BB5A14 /* APIEnvironment.swift */; };
		6AA977432B00C9A800BB5A14 /* Endpoint.swift in Sources */ = {isa = PBXBuildFile; fileRef = 6AA977422B00C9A800BB5A14 /* Endpoint.swift */; };
		6AA977452B00C9D000BB5A14 /* Endpoint+toURL.swift in Sources */ = {isa = PBXBuildFile; fileRef = 6AA977442B00C9D000BB5A14 /* Endpoint+toURL.swift */; };
		6AA977492B00CC2400BB5A14 /* GameModel.swift in Sources */ = {isa = PBXBuildFile; fileRef = 6AA977482B00CC2400BB5A14 /* GameModel.swift */; };
/* End PBXBuildFile section */

/* Begin PBXFileReference section */
		37CB20775FF319F8660319C3 /* Pods-RawGamesApp.release.xcconfig */ = {isa = PBXFileReference; includeInIndex = 1; lastKnownFileType = text.xcconfig; name = "Pods-RawGamesApp.release.xcconfig"; path = "Target Support Files/Pods-RawGamesApp/Pods-RawGamesApp.release.xcconfig"; sourceTree = "<group>"; };
		6A3C1A132AFCA6AA002DD789 /* RawGamesApp.app */ = {isa = PBXFileReference; explicitFileType = wrapper.application; includeInIndex = 0; path = RawGamesApp.app; sourceTree = BUILT_PRODUCTS_DIR; };
		6A3C1A162AFCA6AA002DD789 /* AppDelegate.swift */ = {isa = PBXFileReference; lastKnownFileType = sourcecode.swift; path = AppDelegate.swift; sourceTree = "<group>"; };
		6A3C1A1F2AFCA6AB002DD789 /* Assets.xcassets */ = {isa = PBXFileReference; lastKnownFileType = folder.assetcatalog; path = Assets.xcassets; sourceTree = "<group>"; };
		6A3C1A222AFCA6AB002DD789 /* Base */ = {isa = PBXFileReference; lastKnownFileType = file.storyboard; name = Base; path = Base.lproj/LaunchScreen.storyboard; sourceTree = "<group>"; };
		6A3C1A242AFCA6AB002DD789 /* Info.plist */ = {isa = PBXFileReference; lastKnownFileType = text.plist.xml; path = Info.plist; sourceTree = "<group>"; };
		6AA976992AFCA9EB00BB5A14 /* README.md */ = {isa = PBXFileReference; lastKnownFileType = net.daringfireball.markdown; path = README.md; sourceTree = "<group>"; };
		6AA976DD2AFCE56200BB5A14 /* Localizable.strings */ = {isa = PBXFileReference; lastKnownFileType = text.plist.strings; path = Localizable.strings; sourceTree = "<group>"; };
		6AA976E72AFCEC3200BB5A14 /* LocalizationHelper.swift */ = {isa = PBXFileReference; lastKnownFileType = sourcecode.swift; path = LocalizationHelper.swift; sourceTree = "<group>"; };
		6AA976EB2AFCF14700BB5A14 /* TabBarItemType.swift */ = {isa = PBXFileReference; fileEncoding = 4; lastKnownFileType = sourcecode.swift; path = TabBarItemType.swift; sourceTree = "<group>"; };
		6AA976EC2AFCF14700BB5A14 /* TabBarController.swift */ = {isa = PBXFileReference; fileEncoding = 4; lastKnownFileType = sourcecode.swift; path = TabBarController.swift; sourceTree = "<group>"; };
		6AA976F62AFD037200BB5A14 /* HomePresenter.swift */ = {isa = PBXFileReference; lastKnownFileType = sourcecode.swift; path = HomePresenter.swift; sourceTree = "<group>"; };
		6AA976F72AFD037200BB5A14 /* HomeRouter.swift */ = {isa = PBXFileReference; lastKnownFileType = sourcecode.swift; path = HomeRouter.swift; sourceTree = "<group>"; };
		6AA976F82AFD037200BB5A14 /* HomeViewController.swift */ = {isa = PBXFileReference; lastKnownFileType = sourcecode.swift; path = HomeViewController.swift; sourceTree = "<group>"; };
		6AA976F92AFD037200BB5A14 /* HomeProtocols.swift */ = {isa = PBXFileReference; lastKnownFileType = sourcecode.swift; path = HomeProtocols.swift; sourceTree = "<group>"; };
		6AA976FA2AFD037200BB5A14 /* HomeBuilder.swift */ = {isa = PBXFileReference; lastKnownFileType = sourcecode.swift; path = HomeBuilder.swift; sourceTree = "<group>"; };
		6AA976FB2AFD037200BB5A14 /* HomeInteractor.swift */ = {isa = PBXFileReference; lastKnownFileType = sourcecode.swift; path = HomeInteractor.swift; sourceTree = "<group>"; };
		6AA976FC2AFD037200BB5A14 /* HomeViewModel.swift */ = {isa = PBXFileReference; lastKnownFileType = sourcecode.swift; path = HomeViewModel.swift; sourceTree = "<group>"; };
		6AA976FD2AFD037200BB5A14 /* HomeEntity.swift */ = {isa = PBXFileReference; lastKnownFileType = sourcecode.swift; path = HomeEntity.swift; sourceTree = "<group>"; };
		6AA9770C2AFE3AE900BB5A14 /* UISearchBar+Extension.swift */ = {isa = PBXFileReference; lastKnownFileType = sourcecode.swift; path = "UISearchBar+Extension.swift"; sourceTree = "<group>"; };
		6AA9770F2AFE3BB500BB5A14 /* Color.xcassets */ = {isa = PBXFileReference; lastKnownFileType = folder.assetcatalog; path = Color.xcassets; sourceTree = "<group>"; };
		6AA977112AFE3BEA00BB5A14 /* UIColor.swift */ = {isa = PBXFileReference; lastKnownFileType = sourcecode.swift; path = UIColor.swift; sourceTree = "<group>"; };
		6AA977132AFE3C0A00BB5A14 /* AssetColors.swift */ = {isa = PBXFileReference; lastKnownFileType = sourcecode.swift; path = AssetColors.swift; sourceTree = "<group>"; };
		6AA977162AFE40B800BB5A14 /* BaseNavigationController.swift */ = {isa = PBXFileReference; lastKnownFileType = sourcecode.swift; path = BaseNavigationController.swift; sourceTree = "<group>"; };
		6AA9771A2AFF586B00BB5A14 /* HTTPClient.swift */ = {isa = PBXFileReference; lastKnownFileType = sourcecode.swift; path = HTTPClient.swift; sourceTree = "<group>"; };
		6AA9771C2AFF624600BB5A14 /* AlamofireHTTPClient.swift */ = {isa = PBXFileReference; lastKnownFileType = sourcecode.swift; path = AlamofireHTTPClient.swift; sourceTree = "<group>"; };
		6AA9771F2AFF89EC00BB5A14 /* APIError.swift */ = {isa = PBXFileReference; lastKnownFileType = sourcecode.swift; path = APIError.swift; sourceTree = "<group>"; };
		6AA977212AFF8D8200BB5A14 /* HTTPMethod.swift */ = {isa = PBXFileReference; lastKnownFileType = sourcecode.swift; path = HTTPMethod.swift; sourceTree = "<group>"; };
		6AA977232AFF8E1B00BB5A14 /* URLRequest+Init.swift */ = {isa = PBXFileReference; lastKnownFileType = sourcecode.swift; path = "URLRequest+Init.swift"; sourceTree = "<group>"; };
		6AA9772F2B00B66A00BB5A14 /* KeychainManager.swift */ = {isa = PBXFileReference; lastKnownFileType = sourcecode.swift; name = KeychainManager.swift; path = ../../../../../../.Trash/Generics/Infrastructure/KeychainManager.swift; sourceTree = "<group>"; };
		6AA977372B00C50000BB5A14 /* URLComponents+Extension.swift */ = {isa = PBXFileReference; lastKnownFileType = sourcecode.swift; path = "URLComponents+Extension.swift"; sourceTree = "<group>"; };
		6AA9773C2B00C68600BB5A14 /* APIEnvironment.swift */ = {isa = PBXFileReference; lastKnownFileType = sourcecode.swift; path = APIEnvironment.swift; sourceTree = "<group>"; };
		6AA977422B00C9A800BB5A14 /* Endpoint.swift */ = {isa = PBXFileReference; lastKnownFileType = sourcecode.swift; path = Endpoint.swift; sourceTree = "<group>"; };
		6AA977442B00C9D000BB5A14 /* Endpoint+toURL.swift */ = {isa = PBXFileReference; lastKnownFileType = sourcecode.swift; path = "Endpoint+toURL.swift"; sourceTree = "<group>"; };
		6AA977482B00CC2400BB5A14 /* GameModel.swift */ = {isa = PBXFileReference; lastKnownFileType = sourcecode.swift; path = GameModel.swift; sourceTree = "<group>"; };
		943C095F8764F18EA0423D8D /* Pods-RawGamesApp.debug.xcconfig */ = {isa = PBXFileReference; includeInIndex = 1; lastKnownFileType = text.xcconfig; name = "Pods-RawGamesApp.debug.xcconfig"; path = "Target Support Files/Pods-RawGamesApp/Pods-RawGamesApp.debug.xcconfig"; sourceTree = "<group>"; };
		D03F0AFC9D803246109D092C /* Pods_RawGamesApp.framework */ = {isa = PBXFileReference; explicitFileType = wrapper.framework; includeInIndex = 0; path = Pods_RawGamesApp.framework; sourceTree = BUILT_PRODUCTS_DIR; };
/* End PBXFileReference section */

/* Begin PBXFrameworksBuildPhase section */
		6A3C1A102AFCA6AA002DD789 /* Frameworks */ = {
			isa = PBXFrameworksBuildPhase;
			buildActionMask = 2147483647;
			files = (
				285DA1BE94E0857C8415BB05 /* Pods_RawGamesApp.framework in Frameworks */,
			);
			runOnlyForDeploymentPostprocessing = 0;
		};
/* End PBXFrameworksBuildPhase section */

/* Begin PBXGroup section */
		2EA147035E70CF9934E507F6 /* Frameworks */ = {
			isa = PBXGroup;
			children = (
				D03F0AFC9D803246109D092C /* Pods_RawGamesApp.framework */,
			);
			name = Frameworks;
			sourceTree = "<group>";
		};
		6A3C1A0A2AFCA6AA002DD789 = {
			isa = PBXGroup;
			children = (
				6AA976992AFCA9EB00BB5A14 /* README.md */,
				6A3C1A152AFCA6AA002DD789 /* RawGamesApp */,
				6A3C1A142AFCA6AA002DD789 /* Products */,
				8D99510E23041BC461053E8B /* Pods */,
				2EA147035E70CF9934E507F6 /* Frameworks */,
			);
			sourceTree = "<group>";
		};
		6A3C1A142AFCA6AA002DD789 /* Products */ = {
			isa = PBXGroup;
			children = (
				6A3C1A132AFCA6AA002DD789 /* RawGamesApp.app */,
			);
			name = Products;
			sourceTree = "<group>";
		};
		6A3C1A152AFCA6AA002DD789 /* RawGamesApp */ = {
			isa = PBXGroup;
			children = (
				6AA9769E2AFCB16100BB5A14 /* AppDelegate */,
				6AA976E92AFCF13100BB5A14 /* Modules */,
				6AA977192AFF584E00BB5A14 /* Api Service */,
				6AA9774A2B00D07700BB5A14 /* Models */,
				6AA9772D2B00B64C00BB5A14 /* Generics */,
				6AA9770B2AFE3AC400BB5A14 /* Extensions */,
				6AA9769F2AFCB16900BB5A14 /* Resources */,
			);
			path = RawGamesApp;
			sourceTree = "<group>";
		};
		6AA9769E2AFCB16100BB5A14 /* AppDelegate */ = {
			isa = PBXGroup;
			children = (
				6A3C1A162AFCA6AA002DD789 /* AppDelegate.swift */,
			);
			path = AppDelegate;
			sourceTree = "<group>";
		};
		6AA9769F2AFCB16900BB5A14 /* Resources */ = {
			isa = PBXGroup;
			children = (
				6AA9770E2AFE3B5200BB5A14 /* Color */,
				6AA976E62AFCEC1C00BB5A14 /* Localization */,
				6A3C1A212AFCA6AB002DD789 /* LaunchScreen.storyboard */,
				6A3C1A1F2AFCA6AB002DD789 /* Assets.xcassets */,
				6A3C1A242AFCA6AB002DD789 /* Info.plist */,
			);
			path = Resources;
			sourceTree = "<group>";
		};
		6AA976E62AFCEC1C00BB5A14 /* Localization */ = {
			isa = PBXGroup;
			children = (
				6AA976E72AFCEC3200BB5A14 /* LocalizationHelper.swift */,
				6AA976DD2AFCE56200BB5A14 /* Localizable.strings */,
			);
			path = Localization;
			sourceTree = "<group>";
		};
		6AA976E92AFCF13100BB5A14 /* Modules */ = {
			isa = PBXGroup;
			children = (
				6AA976F52AFD035D00BB5A14 /* Home */,
				6AA976EA2AFCF13F00BB5A14 /* TabBar */,
				6AA977152AFE408400BB5A14 /* Base */,
			);
			path = Modules;
			sourceTree = "<group>";
		};
		6AA976EA2AFCF13F00BB5A14 /* TabBar */ = {
			isa = PBXGroup;
			children = (
				6AA976EC2AFCF14700BB5A14 /* TabBarController.swift */,
				6AA976EB2AFCF14700BB5A14 /* TabBarItemType.swift */,
			);
			path = TabBar;
			sourceTree = "<group>";
		};
		6AA976F52AFD035D00BB5A14 /* Home */ = {
			isa = PBXGroup;
			children = (
				6AA976F82AFD037200BB5A14 /* HomeViewController.swift */,
				6AA976F62AFD037200BB5A14 /* HomePresenter.swift */,
				6AA976FB2AFD037200BB5A14 /* HomeInteractor.swift */,
				6AA976F72AFD037200BB5A14 /* HomeRouter.swift */,
				6AA976F92AFD037200BB5A14 /* HomeProtocols.swift */,
				6AA976FA2AFD037200BB5A14 /* HomeBuilder.swift */,
				6AA976FC2AFD037200BB5A14 /* HomeViewModel.swift */,
				6AA976FD2AFD037200BB5A14 /* HomeEntity.swift */,
			);
			path = Home;
			sourceTree = "<group>";
		};
		6AA9770B2AFE3AC400BB5A14 /* Extensions */ = {
			isa = PBXGroup;
			children = (
				6AA9770C2AFE3AE900BB5A14 /* UISearchBar+Extension.swift */,
				6AA977372B00C50000BB5A14 /* URLComponents+Extension.swift */,
			);
			path = Extensions;
			sourceTree = "<group>";
		};
		6AA9770E2AFE3B5200BB5A14 /* Color */ = {
			isa = PBXGroup;
			children = (
				6AA9770F2AFE3BB500BB5A14 /* Color.xcassets */,
				6AA977112AFE3BEA00BB5A14 /* UIColor.swift */,
				6AA977132AFE3C0A00BB5A14 /* AssetColors.swift */,
			);
			path = Color;
			sourceTree = "<group>";
		};
		6AA977152AFE408400BB5A14 /* Base */ = {
			isa = PBXGroup;
			children = (
				6AA977162AFE40B800BB5A14 /* BaseNavigationController.swift */,
			);
			path = Base;
			sourceTree = "<group>";
		};
		6AA977192AFF584E00BB5A14 /* Api Service */ = {
			isa = PBXGroup;
			children = (
				6AA977392B00C5B400BB5A14 /* Endpoints */,
				6AA9771E2AFF89C000BB5A14 /* Helper */,
				6AA9771A2AFF586B00BB5A14 /* HTTPClient.swift */,
				6AA9771C2AFF624600BB5A14 /* AlamofireHTTPClient.swift */,
			);
			path = "Api Service";
			sourceTree = "<group>";
		};
		6AA9771E2AFF89C000BB5A14 /* Helper */ = {
			isa = PBXGroup;
			children = (
				6AA9771F2AFF89EC00BB5A14 /* APIError.swift */,
				6AA977212AFF8D8200BB5A14 /* HTTPMethod.swift */,
				6AA977232AFF8E1B00BB5A14 /* URLRequest+Init.swift */,
			);
			path = Helper;
			sourceTree = "<group>";
		};
		6AA9772D2B00B64C00BB5A14 /* Generics */ = {
			isa = PBXGroup;
			children = (
				6AA9772E2B00B65500BB5A14 /* Infrastructure */,
			);
			path = Generics;
			sourceTree = "<group>";
		};
		6AA9772E2B00B65500BB5A14 /* Infrastructure */ = {
			isa = PBXGroup;
			children = (
				6AA9772F2B00B66A00BB5A14 /* KeychainManager.swift */,
			);
			path = Infrastructure;
			sourceTree = "<group>";
		};
		6AA977392B00C5B400BB5A14 /* Endpoints */ = {
			isa = PBXGroup;
			children = (
				6AA9773C2B00C68600BB5A14 /* APIEnvironment.swift */,
				6AA977422B00C9A800BB5A14 /* Endpoint.swift */,
				6AA977442B00C9D000BB5A14 /* Endpoint+toURL.swift */,
			);
			path = Endpoints;
			sourceTree = "<group>";
		};
		6AA9774A2B00D07700BB5A14 /* Models */ = {
			isa = PBXGroup;
			children = (
				6AA977482B00CC2400BB5A14 /* GameModel.swift */,
			);
			path = Models;
			sourceTree = "<group>";
		};
		8D99510E23041BC461053E8B /* Pods */ = {
			isa = PBXGroup;
			children = (
				943C095F8764F18EA0423D8D /* Pods-RawGamesApp.debug.xcconfig */,
				37CB20775FF319F8660319C3 /* Pods-RawGamesApp.release.xcconfig */,
			);
			path = Pods;
			sourceTree = "<group>";
		};
/* End PBXGroup section */

/* Begin PBXNativeTarget section */
		6A3C1A122AFCA6AA002DD789 /* RawGamesApp */ = {
			isa = PBXNativeTarget;
			buildConfigurationList = 6A3C1A272AFCA6AB002DD789 /* Build configuration list for PBXNativeTarget "RawGamesApp" */;
			buildPhases = (
				259AA4615048A57B664D2F8B /* [CP] Check Pods Manifest.lock */,
				6A3C1A0F2AFCA6AA002DD789 /* Sources */,
				6A3C1A102AFCA6AA002DD789 /* Frameworks */,
				6A3C1A112AFCA6AA002DD789 /* Resources */,
				78D334EC1992CE8EB7802425 /* [CP] Embed Pods Frameworks */,
			);
			buildRules = (
			);
			dependencies = (
			);
			name = RawGamesApp;
			productName = RawGamesApp;
			productReference = 6A3C1A132AFCA6AA002DD789 /* RawGamesApp.app */;
			productType = "com.apple.product-type.application";
		};
/* End PBXNativeTarget section */

/* Begin PBXProject section */
		6A3C1A0B2AFCA6AA002DD789 /* Project object */ = {
			isa = PBXProject;
			attributes = {
				BuildIndependentTargetsInParallel = 1;
				LastSwiftUpdateCheck = 1500;
				LastUpgradeCheck = 1500;
				TargetAttributes = {
					6A3C1A122AFCA6AA002DD789 = {
						CreatedOnToolsVersion = 15.0.1;
					};
				};
			};
			buildConfigurationList = 6A3C1A0E2AFCA6AA002DD789 /* Build configuration list for PBXProject "RawGamesApp" */;
			compatibilityVersion = "Xcode 14.0";
			developmentRegion = en;
			hasScannedForEncodings = 0;
			knownRegions = (
				en,
				Base,
			);
			mainGroup = 6A3C1A0A2AFCA6AA002DD789;
			productRefGroup = 6A3C1A142AFCA6AA002DD789 /* Products */;
			projectDirPath = "";
			projectRoot = "";
			targets = (
				6A3C1A122AFCA6AA002DD789 /* RawGamesApp */,
			);
		};
/* End PBXProject section */

/* Begin PBXResourcesBuildPhase section */
		6A3C1A112AFCA6AA002DD789 /* Resources */ = {
			isa = PBXResourcesBuildPhase;
			buildActionMask = 2147483647;
			files = (
				6A3C1A232AFCA6AB002DD789 /* LaunchScreen.storyboard in Resources */,
				6AA977102AFE3BB500BB5A14 /* Color.xcassets in Resources */,
				6AA976DE2AFCE56200BB5A14 /* Localizable.strings in Resources */,
				6A3C1A202AFCA6AB002DD789 /* Assets.xcassets in Resources */,
			);
			runOnlyForDeploymentPostprocessing = 0;
		};
/* End PBXResourcesBuildPhase section */

/* Begin PBXShellScriptBuildPhase section */
		259AA4615048A57B664D2F8B /* [CP] Check Pods Manifest.lock */ = {
			isa = PBXShellScriptBuildPhase;
			buildActionMask = 2147483647;
			files = (
			);
			inputFileListPaths = (
			);
			inputPaths = (
				"${PODS_PODFILE_DIR_PATH}/Podfile.lock",
				"${PODS_ROOT}/Manifest.lock",
			);
			name = "[CP] Check Pods Manifest.lock";
			outputFileListPaths = (
			);
			outputPaths = (
				"$(DERIVED_FILE_DIR)/Pods-RawGamesApp-checkManifestLockResult.txt",
			);
			runOnlyForDeploymentPostprocessing = 0;
			shellPath = /bin/sh;
			shellScript = "diff \"${PODS_PODFILE_DIR_PATH}/Podfile.lock\" \"${PODS_ROOT}/Manifest.lock\" > /dev/null\nif [ $? != 0 ] ; then\n    # print error to STDERR\n    echo \"error: The sandbox is not in sync with the Podfile.lock. Run 'pod install' or update your CocoaPods installation.\" >&2\n    exit 1\nfi\n# This output is used by Xcode 'outputs' to avoid re-running this script phase.\necho \"SUCCESS\" > \"${SCRIPT_OUTPUT_FILE_0}\"\n";
			showEnvVarsInLog = 0;
		};
		78D334EC1992CE8EB7802425 /* [CP] Embed Pods Frameworks */ = {
			isa = PBXShellScriptBuildPhase;
			buildActionMask = 2147483647;
			files = (
			);
			inputFileListPaths = (
				"${PODS_ROOT}/Target Support Files/Pods-RawGamesApp/Pods-RawGamesApp-frameworks-${CONFIGURATION}-input-files.xcfilelist",
			);
			name = "[CP] Embed Pods Frameworks";
			outputFileListPaths = (
				"${PODS_ROOT}/Target Support Files/Pods-RawGamesApp/Pods-RawGamesApp-frameworks-${CONFIGURATION}-output-files.xcfilelist",
			);
			runOnlyForDeploymentPostprocessing = 0;
			shellPath = /bin/sh;
			shellScript = "\"${PODS_ROOT}/Target Support Files/Pods-RawGamesApp/Pods-RawGamesApp-frameworks.sh\"\n";
			showEnvVarsInLog = 0;
		};
/* End PBXShellScriptBuildPhase section */

/* Begin PBXSourcesBuildPhase section */
		6A3C1A0F2AFCA6AA002DD789 /* Sources */ = {
			isa = PBXSourcesBuildPhase;
			buildActionMask = 2147483647;
			files = (
				6AA977242AFF8E1B00BB5A14 /* URLRequest+Init.swift in Sources */,
				6AA976ED2AFCF14700BB5A14 /* TabBarItemType.swift in Sources */,
				6AA977122AFE3BEA00BB5A14 /* UIColor.swift in Sources */,
				6AA977052AFD037200BB5A14 /* HomeEntity.swift in Sources */,
				6AA977432B00C9A800BB5A14 /* Endpoint.swift in Sources */,
				6AA977042AFD037200BB5A14 /* HomeViewModel.swift in Sources */,
				6AA976FF2AFD037200BB5A14 /* HomeRouter.swift in Sources */,
				6AA9771B2AFF586B00BB5A14 /* HTTPClient.swift in Sources */,
				6AA9773D2B00C68600BB5A14 /* APIEnvironment.swift in Sources */,
				6AA976EE2AFCF14700BB5A14 /* TabBarController.swift in Sources */,
				6AA977382B00C50000BB5A14 /* URLComponents+Extension.swift in Sources */,
				6AA977032AFD037200BB5A14 /* HomeInteractor.swift in Sources */,
				6A3C1A172AFCA6AA002DD789 /* AppDelegate.swift in Sources */,
				6AA977012AFD037200BB5A14 /* HomeProtocols.swift in Sources */,
				6AA9770D2AFE3AE900BB5A14 /* UISearchBar+Extension.swift in Sources */,
				6AA977172AFE40B800BB5A14 /* BaseNavigationController.swift in Sources */,
				6AA976FE2AFD037200BB5A14 /* HomePresenter.swift in Sources */,
				6AA977022AFD037200BB5A14 /* HomeBuilder.swift in Sources */,
				6AA977002AFD037200BB5A14 /* HomeViewController.swift in Sources */,
				6AA977452B00C9D000BB5A14 /* Endpoint+toURL.swift in Sources */,
				6AA976E82AFCEC3200BB5A14 /* LocalizationHelper.swift in Sources */,
				6AA977492B00CC2400BB5A14 /* GameModel.swift in Sources */,
				6AA977142AFE3C0A00BB5A14 /* AssetColors.swift in Sources */,
				6AA977222AFF8D8200BB5A14 /* HTTPMethod.swift in Sources */,
				6AA976E82AFCEC3200BB5A14 /* LocalizationHelper.swift in Sources */,
				6AA9771D2AFF624600BB5A14 /* AlamofireHTTPClient.swift in Sources */,
				6AA977202AFF89EC00BB5A14 /* APIError.swift in Sources */,
				6AA977222AFF8D8200BB5A14 /* HTTPMethod.swift in Sources */,
				6AA976E82AFCEC3200BB5A14 /* LocalizationHelper.swift in Sources */,
				6AA9771D2AFF624600BB5A14 /* AlamofireHTTPClient.swift in Sources */,
				6AA977202AFF89EC00BB5A14 /* APIError.swift in Sources */,
				6AA977302B00B66A00BB5A14 /* KeychainManager.swift in Sources */,
			);
			runOnlyForDeploymentPostprocessing = 0;
		};
/* End PBXSourcesBuildPhase section */

/* Begin PBXVariantGroup section */
		6A3C1A212AFCA6AB002DD789 /* LaunchScreen.storyboard */ = {
			isa = PBXVariantGroup;
			children = (
				6A3C1A222AFCA6AB002DD789 /* Base */,
			);
			name = LaunchScreen.storyboard;
			sourceTree = "<group>";
		};
/* End PBXVariantGroup section */

/* Begin XCBuildConfiguration section */
		6A3C1A252AFCA6AB002DD789 /* Debug */ = {
			isa = XCBuildConfiguration;
			buildSettings = {
				ALWAYS_SEARCH_USER_PATHS = NO;
				ASSETCATALOG_COMPILER_GENERATE_SWIFT_ASSET_SYMBOL_EXTENSIONS = YES;
				CLANG_ANALYZER_LOCALIZABILITY_NONLOCALIZED = YES;
				CLANG_ANALYZER_NONNULL = YES;
				CLANG_ANALYZER_NUMBER_OBJECT_CONVERSION = YES_AGGRESSIVE;
				CLANG_CXX_LANGUAGE_STANDARD = "gnu++20";
				CLANG_ENABLE_MODULES = YES;
				CLANG_ENABLE_OBJC_ARC = YES;
				CLANG_ENABLE_OBJC_WEAK = YES;
				CLANG_WARN_BLOCK_CAPTURE_AUTORELEASING = YES;
				CLANG_WARN_BOOL_CONVERSION = YES;
				CLANG_WARN_COMMA = YES;
				CLANG_WARN_CONSTANT_CONVERSION = YES;
				CLANG_WARN_DEPRECATED_OBJC_IMPLEMENTATIONS = YES;
				CLANG_WARN_DIRECT_OBJC_ISA_USAGE = YES_ERROR;
				CLANG_WARN_DOCUMENTATION_COMMENTS = YES;
				CLANG_WARN_EMPTY_BODY = YES;
				CLANG_WARN_ENUM_CONVERSION = YES;
				CLANG_WARN_INFINITE_RECURSION = YES;
				CLANG_WARN_INT_CONVERSION = YES;
				CLANG_WARN_NON_LITERAL_NULL_CONVERSION = YES;
				CLANG_WARN_OBJC_IMPLICIT_RETAIN_SELF = YES;
				CLANG_WARN_OBJC_LITERAL_CONVERSION = YES;
				CLANG_WARN_OBJC_ROOT_CLASS = YES_ERROR;
				CLANG_WARN_QUOTED_INCLUDE_IN_FRAMEWORK_HEADER = YES;
				CLANG_WARN_RANGE_LOOP_ANALYSIS = YES;
				CLANG_WARN_STRICT_PROTOTYPES = YES;
				CLANG_WARN_SUSPICIOUS_MOVE = YES;
				CLANG_WARN_UNGUARDED_AVAILABILITY = YES_AGGRESSIVE;
				CLANG_WARN_UNREACHABLE_CODE = YES;
				CLANG_WARN__DUPLICATE_METHOD_MATCH = YES;
				COPY_PHASE_STRIP = NO;
				DEBUG_INFORMATION_FORMAT = dwarf;
				ENABLE_STRICT_OBJC_MSGSEND = YES;
				ENABLE_TESTABILITY = YES;
				ENABLE_USER_SCRIPT_SANDBOXING = YES;
				GCC_C_LANGUAGE_STANDARD = gnu17;
				GCC_DYNAMIC_NO_PIC = NO;
				GCC_NO_COMMON_BLOCKS = YES;
				GCC_OPTIMIZATION_LEVEL = 0;
				GCC_PREPROCESSOR_DEFINITIONS = (
					"DEBUG=1",
					"$(inherited)",
				);
				GCC_WARN_64_TO_32_BIT_CONVERSION = YES;
				GCC_WARN_ABOUT_RETURN_TYPE = YES_ERROR;
				GCC_WARN_UNDECLARED_SELECTOR = YES;
				GCC_WARN_UNINITIALIZED_AUTOS = YES_AGGRESSIVE;
				GCC_WARN_UNUSED_FUNCTION = YES;
				GCC_WARN_UNUSED_VARIABLE = YES;
				IPHONEOS_DEPLOYMENT_TARGET = 12.0;
				LOCALIZATION_PREFERS_STRING_CATALOGS = YES;
				MTL_ENABLE_DEBUG_INFO = INCLUDE_SOURCE;
				MTL_FAST_MATH = YES;
				ONLY_ACTIVE_ARCH = YES;
				SDKROOT = iphoneos;
				SWIFT_ACTIVE_COMPILATION_CONDITIONS = "DEBUG $(inherited)";
				SWIFT_OPTIMIZATION_LEVEL = "-Onone";
			};
			name = Debug;
		};
		6A3C1A262AFCA6AB002DD789 /* Release */ = {
			isa = XCBuildConfiguration;
			buildSettings = {
				ALWAYS_SEARCH_USER_PATHS = NO;
				ASSETCATALOG_COMPILER_GENERATE_SWIFT_ASSET_SYMBOL_EXTENSIONS = YES;
				CLANG_ANALYZER_LOCALIZABILITY_NONLOCALIZED = YES;
				CLANG_ANALYZER_NONNULL = YES;
				CLANG_ANALYZER_NUMBER_OBJECT_CONVERSION = YES_AGGRESSIVE;
				CLANG_CXX_LANGUAGE_STANDARD = "gnu++20";
				CLANG_ENABLE_MODULES = YES;
				CLANG_ENABLE_OBJC_ARC = YES;
				CLANG_ENABLE_OBJC_WEAK = YES;
				CLANG_WARN_BLOCK_CAPTURE_AUTORELEASING = YES;
				CLANG_WARN_BOOL_CONVERSION = YES;
				CLANG_WARN_COMMA = YES;
				CLANG_WARN_CONSTANT_CONVERSION = YES;
				CLANG_WARN_DEPRECATED_OBJC_IMPLEMENTATIONS = YES;
				CLANG_WARN_DIRECT_OBJC_ISA_USAGE = YES_ERROR;
				CLANG_WARN_DOCUMENTATION_COMMENTS = YES;
				CLANG_WARN_EMPTY_BODY = YES;
				CLANG_WARN_ENUM_CONVERSION = YES;
				CLANG_WARN_INFINITE_RECURSION = YES;
				CLANG_WARN_INT_CONVERSION = YES;
				CLANG_WARN_NON_LITERAL_NULL_CONVERSION = YES;
				CLANG_WARN_OBJC_IMPLICIT_RETAIN_SELF = YES;
				CLANG_WARN_OBJC_LITERAL_CONVERSION = YES;
				CLANG_WARN_OBJC_ROOT_CLASS = YES_ERROR;
				CLANG_WARN_QUOTED_INCLUDE_IN_FRAMEWORK_HEADER = YES;
				CLANG_WARN_RANGE_LOOP_ANALYSIS = YES;
				CLANG_WARN_STRICT_PROTOTYPES = YES;
				CLANG_WARN_SUSPICIOUS_MOVE = YES;
				CLANG_WARN_UNGUARDED_AVAILABILITY = YES_AGGRESSIVE;
				CLANG_WARN_UNREACHABLE_CODE = YES;
				CLANG_WARN__DUPLICATE_METHOD_MATCH = YES;
				COPY_PHASE_STRIP = NO;
				DEBUG_INFORMATION_FORMAT = "dwarf-with-dsym";
				ENABLE_NS_ASSERTIONS = NO;
				ENABLE_STRICT_OBJC_MSGSEND = YES;
				ENABLE_USER_SCRIPT_SANDBOXING = YES;
				GCC_C_LANGUAGE_STANDARD = gnu17;
				GCC_NO_COMMON_BLOCKS = YES;
				GCC_WARN_64_TO_32_BIT_CONVERSION = YES;
				GCC_WARN_ABOUT_RETURN_TYPE = YES_ERROR;
				GCC_WARN_UNDECLARED_SELECTOR = YES;
				GCC_WARN_UNINITIALIZED_AUTOS = YES_AGGRESSIVE;
				GCC_WARN_UNUSED_FUNCTION = YES;
				GCC_WARN_UNUSED_VARIABLE = YES;
				IPHONEOS_DEPLOYMENT_TARGET = 12.0;
				LOCALIZATION_PREFERS_STRING_CATALOGS = YES;
				MTL_ENABLE_DEBUG_INFO = NO;
				MTL_FAST_MATH = YES;
				SDKROOT = iphoneos;
				SWIFT_COMPILATION_MODE = wholemodule;
				VALIDATE_PRODUCT = YES;
			};
			name = Release;
		};
		6A3C1A282AFCA6AB002DD789 /* Debug */ = {
			isa = XCBuildConfiguration;
			baseConfigurationReference = 943C095F8764F18EA0423D8D /* Pods-RawGamesApp.debug.xcconfig */;
			buildSettings = {
				ASSETCATALOG_COMPILER_APPICON_NAME = AppIcon;
				ASSETCATALOG_COMPILER_GLOBAL_ACCENT_COLOR_NAME = AccentColor;
				CODE_SIGN_STYLE = Automatic;
				CURRENT_PROJECT_VERSION = 1;
				DEVELOPMENT_TEAM = CB6VC9Q2Z4;
				ENABLE_USER_SCRIPT_SANDBOXING = NO;
				GENERATE_INFOPLIST_FILE = YES;
				INFOPLIST_FILE = RawGamesApp/Resources/Info.plist;
				INFOPLIST_KEY_UIApplicationSupportsIndirectInputEvents = YES;
				INFOPLIST_KEY_UILaunchStoryboardName = LaunchScreen;
				INFOPLIST_KEY_UISupportedInterfaceOrientations_iPad = "UIInterfaceOrientationPortrait UIInterfaceOrientationPortraitUpsideDown UIInterfaceOrientationLandscapeLeft UIInterfaceOrientationLandscapeRight";
				INFOPLIST_KEY_UISupportedInterfaceOrientations_iPhone = "UIInterfaceOrientationPortrait UIInterfaceOrientationLandscapeLeft UIInterfaceOrientationLandscapeRight";
				IPHONEOS_DEPLOYMENT_TARGET = 12.0;
				LD_RUNPATH_SEARCH_PATHS = (
					"$(inherited)",
					"@executable_path/Frameworks",
				);
				MARKETING_VERSION = 1.0;
				PRODUCT_BUNDLE_IDENTIFIER = com.RawGamesApp;
				PRODUCT_NAME = "$(TARGET_NAME)";
				SWIFT_EMIT_LOC_STRINGS = YES;
				SWIFT_VERSION = 5.0;
				TARGETED_DEVICE_FAMILY = "1,2";
			};
			name = Debug;
		};
		6A3C1A292AFCA6AB002DD789 /* Release */ = {
			isa = XCBuildConfiguration;
			baseConfigurationReference = 37CB20775FF319F8660319C3 /* Pods-RawGamesApp.release.xcconfig */;
			buildSettings = {
				ASSETCATALOG_COMPILER_APPICON_NAME = AppIcon;
				ASSETCATALOG_COMPILER_GLOBAL_ACCENT_COLOR_NAME = AccentColor;
				CODE_SIGN_STYLE = Automatic;
				CURRENT_PROJECT_VERSION = 1;
				DEVELOPMENT_TEAM = CB6VC9Q2Z4;
				ENABLE_USER_SCRIPT_SANDBOXING = NO;
				GENERATE_INFOPLIST_FILE = YES;
				INFOPLIST_FILE = RawGamesApp/Resources/Info.plist;
				INFOPLIST_KEY_UIApplicationSupportsIndirectInputEvents = YES;
				INFOPLIST_KEY_UILaunchStoryboardName = LaunchScreen;
				INFOPLIST_KEY_UISupportedInterfaceOrientations_iPad = "UIInterfaceOrientationPortrait UIInterfaceOrientationPortraitUpsideDown UIInterfaceOrientationLandscapeLeft UIInterfaceOrientationLandscapeRight";
				INFOPLIST_KEY_UISupportedInterfaceOrientations_iPhone = "UIInterfaceOrientationPortrait UIInterfaceOrientationLandscapeLeft UIInterfaceOrientationLandscapeRight";
				IPHONEOS_DEPLOYMENT_TARGET = 12.0;
				LD_RUNPATH_SEARCH_PATHS = (
					"$(inherited)",
					"@executable_path/Frameworks",
				);
				MARKETING_VERSION = 1.0;
				PRODUCT_BUNDLE_IDENTIFIER = com.RawGamesApp;
				PRODUCT_NAME = "$(TARGET_NAME)";
				SWIFT_EMIT_LOC_STRINGS = YES;
				SWIFT_VERSION = 5.0;
				TARGETED_DEVICE_FAMILY = "1,2";
			};
			name = Release;
		};
/* End XCBuildConfiguration section */

/* Begin XCConfigurationList section */
		6A3C1A0E2AFCA6AA002DD789 /* Build configuration list for PBXProject "RawGamesApp" */ = {
			isa = XCConfigurationList;
			buildConfigurations = (
				6A3C1A252AFCA6AB002DD789 /* Debug */,
				6A3C1A262AFCA6AB002DD789 /* Release */,
			);
			defaultConfigurationIsVisible = 0;
			defaultConfigurationName = Release;
		};
		6A3C1A272AFCA6AB002DD789 /* Build configuration list for PBXNativeTarget "RawGamesApp" */ = {
			isa = XCConfigurationList;
			buildConfigurations = (
				6A3C1A282AFCA6AB002DD789 /* Debug */,
				6A3C1A292AFCA6AB002DD789 /* Release */,
			);
			defaultConfigurationIsVisible = 0;
			defaultConfigurationName = Release;
		};
/* End XCConfigurationList section */
	};
	rootObject = 6A3C1A0B2AFCA6AA002DD789 /* Project object */;
}
